{
  "files": {
    "main.css": "/static/css/main.073c9b0a.css",
    "main.js": "/static/js/main.39cb1cba.js",
    "static/js/787.c4e7f8f9.chunk.js": "/static/js/787.c4e7f8f9.chunk.js",
    "index.html": "/index.html",
    "main.073c9b0a.css.map": "/static/css/main.073c9b0a.css.map",
    "main.39cb1cba.js.map": "/static/js/main.39cb1cba.js.map",
    "787.c4e7f8f9.chunk.js.map": "/static/js/787.c4e7f8f9.chunk.js.map"
  },
  "scripts": {
    "start": "react-scripts start",
    "build": "react-scripts build",
    "test": "react-scripts test",
    "eject": "react-scripts eject"
  },
  "entrypoints": [
    "static/css/main.073c9b0a.css",
    "static/js/main.39cb1cba.js"
  ]
}